{
  "object": {
    "pins": [
      {
        "package": "StringScanner",
        "repositoryURL": "https://github.com/klaas/StringScanner",
        "state": {
          "branch": null,
          "revision": "321c5d829a251627f30a5d8cf6d3727be4785b63",
          "version": "0.3.1"
        }
      }
    ]
  },
  "version": 1
}
